
Microsoft Visual Studio Solution File, Format Version 12.00
# Visual Studio 15
VisualStudioVersion = 15.0.28010.2019
MinimumVisualStudioVersion = 10.0.40219.1
Project("{FAE04EC0-301F-11D3-BF4B-00C04F79EFBC}") = "HelloWorld", "HelloWorld\HelloWorld.csproj", "{A7E77542-4E2F-45DB-BA3F-844D08E73FCB}"
EndProject
Global
	GlobalSection(SolutionConfigurationPlatforms) = preSolution
		Debug|Any CPU = Debug|Any CPU
		Release|Any CPU = Release|Any CPU
	EndGlobalSection
	GlobalSection(ProjectConfigurationPlatforms) = postSolution
		{A7E77542-4E2F-45DB-BA3F-844D08E73FCB}.Debug|Any CPU.ActiveCfg = Debug|Any CPU
		{A7E77542-4E2F-45DB-BA3F-844D08E73FCB}.Debug|Any CPU.Build.0 = Debug|Any CPU
		{A7E77542-4E2F-45DB-BA3F-844D08E73FCB}.Release|Any CPU.ActiveCfg = Release|Any CPU
		{A7E77542-4E2F-45DB-BA3F-844D08E73FCB}.Release|Any CPU.Build.0 = Release|Any CPU
	EndGlobalSection
	GlobalSection(SolutionProperties) = preSolution
		HideSolutionNode = FALSE
	EndGlobalSection
	GlobalSection(ExtensibilityGlobals) = postSolution
		SolutionGuid = {C270E7A1-2F53-4811-AA55-80A6D9469A8D}
	EndGlobalSection
EndGlobal
